{
  "version": 4,
  "terraform_version": "0.12.20",
  "serial": 55,
  "lineage": "1f5bb28a-b892-aff5-09ef-b17e761bf848",
  "outputs": {},
  "resources": [
    {
      "mode": "managed",
      "type": "aws_ebs_volume",
      "name": "ebs-volume-1",
      "provider": "provider.aws",
      "instances": [
        {
          "schema_version": 0,
          "attributes": {
            "arn": "arn:aws:ec2:us-east-2:835863194824:volume/vol-04136f1788c2bf4f9",
            "availability_zone": "us-east-2a",
            "encrypted": false,
            "id": "vol-04136f1788c2bf4f9",
            "iops": 100,
            "kms_key_id": "",
            "size": 20,
            "snapshot_id": "",
            "tags": {
              "Name": "extra volume data"
            },
            "type": "gp2"
          },
          "private": "bnVsbA=="
        }
      ]
    },
    {
      "mode": "managed",
      "type": "aws_instance",
      "name": "example",
      "provider": "provider.aws",
      "instances": [
        {
          "schema_version": 1,
          "attributes": {
            "ami": "ami-059d836af932792c3",
            "arn": "arn:aws:ec2:us-east-2:835863194824:instance/i-0b68aa0ac7ee66cd8",
            "associate_public_ip_address": true,
            "availability_zone": "us-east-2a",
            "cpu_core_count": 1,
            "cpu_threads_per_core": 1,
            "credit_specification": [
              {
                "cpu_credits": "standard"
              }
            ],
            "disable_api_termination": false,
            "ebs_block_device": [
              {
                "delete_on_termination": false,
                "device_name": "/dev/xvdh",
                "encrypted": false,
                "iops": 100,
                "kms_key_id": "",
                "snapshot_id": "",
                "volume_id": "vol-04136f1788c2bf4f9",
                "volume_size": 20,
                "volume_type": "gp2"
              }
            ],
            "ebs_optimized": false,
            "ephemeral_block_device": [],
            "get_password_data": false,
            "host_id": null,
            "iam_instance_profile": "",
            "id": "i-0b68aa0ac7ee66cd8",
            "instance_initiated_shutdown_behavior": null,
            "instance_state": "running",
            "instance_type": "t2.micro",
            "ipv6_address_count": 0,
            "ipv6_addresses": [],
            "key_name": "mykeypair",
            "monitoring": false,
            "network_interface": [],
            "network_interface_id": null,
            "password_data": "",
            "placement_group": "",
            "primary_network_interface_id": "eni-0751d44d05d9311dd",
            "private_dns": "ip-10-0-1-74.us-east-2.compute.internal",
            "private_ip": "10.0.1.74",
            "public_dns": "ec2-3-15-214-159.us-east-2.compute.amazonaws.com",
            "public_ip": "3.15.214.159",
            "root_block_device": [
              {
                "delete_on_termination": true,
                "encrypted": false,
                "iops": 100,
                "kms_key_id": "",
                "volume_id": "vol-099e6e754ebeaf67e",
                "volume_size": 8,
                "volume_type": "gp2"
              }
            ],
            "security_groups": [],
            "source_dest_check": true,
            "subnet_id": "subnet-00964673de3926518",
            "tags": {},
            "tenancy": "default",
            "timeouts": null,
            "user_data": null,
            "user_data_base64": null,
            "volume_tags": {
              "Name": "extra volume data"
            },
            "vpc_security_group_ids": [
              "sg-03426c2a3a4eb6ebb"
            ]
          },
          "private": "eyJlMmJmYjczMC1lY2FhLTExZTYtOGY4OC0zNDM2M2JjN2M0YzAiOnsiY3JlYXRlIjo2MDAwMDAwMDAwMDAsImRlbGV0ZSI6MTIwMDAwMDAwMDAwMCwidXBkYXRlIjo2MDAwMDAwMDAwMDB9LCJzY2hlbWFfdmVyc2lvbiI6IjEifQ==",
          "dependencies": [
            "aws_key_pair.mykeypair",
            "aws_security_group.allow-ssh",
            "aws_subnet.main-public-1",
            "aws_vpc.main"
          ]
        }
      ]
    },
    {
      "mode": "managed",
      "type": "aws_key_pair",
      "name": "mykeypair",
      "provider": "provider.aws",
      "instances": [
        {
          "schema_version": 1,
          "attributes": {
            "fingerprint": "05:5a:24:ca:6f:d0:30:fb:b2:3d:03:2b:19:e2:ec:07",
            "id": "mykeypair",
            "key_name": "mykeypair",
            "key_name_prefix": null,
            "key_pair_id": "key-0aa46752f9b8abef8",
            "public_key": "ssh-rsa AAAAB3NzaC1yc2EAAAADAQABAAABgQDT3f7e6Dz8eGnTaO5iua1fjlwMa+4HOPFw3zh0TymTnGSjS12SkzYeYYF+tJix7rgLg45EBi6PSw/9Ab6wUG1oXCaEHT0lsNmJ2qpBSbLsJ62Kk3UesNGXnYxkhxWGicAASlyhZiVznacyeYtdjBbhqLrY/CQJknR+uCGf4YCsxROEpx7rh1Pf+SkHmnFJXZFRW2ZImsUwOXIT8U63gjDTZekqdQWDPBINoIqQDuqmuO5zASPQhYOvW4PNGbdXYOwlABqES5KLVhCR073Fu3wMv1fNRMmyK1A3Tpmayq3hZftOb9gmwUT6oT8N7W5vcw/AYzSIaSe/vIUF/ZV5WllT/y0nJlQF1bV5pLW0F9/dv0UZsOVZkaMXGTypJWVFXC4u9CprWpUobmhfz93eu4+UODisSOnkg+5H0rzpCNDYKFcRVLTErb75pw2HZNqT/naBgvlu6xM4/XjEjoWqQnQTgnooNnDpy8+uCvI4cWUzbyReGKymYfQP0L1IOGcCf9U= BTS@DESKTOP-QC5P6AT",
            "tags": {}
          },
          "private": "eyJzY2hlbWFfdmVyc2lvbiI6IjEifQ=="
        }
      ]
    },
    {
      "mode": "managed",
      "type": "aws_security_group",
      "name": "allow-ssh",
      "provider": "provider.aws",
      "instances": [
        {
          "schema_version": 1,
          "attributes": {
            "arn": "arn:aws:ec2:us-east-2:835863194824:security-group/sg-03426c2a3a4eb6ebb",
            "description": "security group that allows ssh and all egress traffic",
            "egress": [
              {
                "cidr_blocks": [
                  "0.0.0.0/0"
                ],
                "description": "",
                "from_port": 0,
                "ipv6_cidr_blocks": [],
                "prefix_list_ids": [],
                "protocol": "-1",
                "security_groups": [],
                "self": false,
                "to_port": 0
              }
            ],
            "id": "sg-03426c2a3a4eb6ebb",
            "ingress": [
              {
                "cidr_blocks": [
                  "0.0.0.0/0"
                ],
                "description": "",
                "from_port": 22,
                "ipv6_cidr_blocks": [],
                "prefix_list_ids": [],
                "protocol": "tcp",
                "security_groups": [],
                "self": false,
                "to_port": 22
              }
            ],
            "name": "allow-ssh",
            "name_prefix": null,
            "owner_id": "835863194824",
            "revoke_rules_on_delete": false,
            "tags": {
              "Name": "allow-ssh"
            },
            "timeouts": null,
            "vpc_id": "vpc-0c6190e700018454d"
          },
          "private": "eyJlMmJmYjczMC1lY2FhLTExZTYtOGY4OC0zNDM2M2JjN2M0YzAiOnsiY3JlYXRlIjo2MDAwMDAwMDAwMDAsImRlbGV0ZSI6NjAwMDAwMDAwMDAwfSwic2NoZW1hX3ZlcnNpb24iOiIxIn0=",
          "dependencies": [
            "aws_vpc.main"
          ]
        }
      ]
    },
    {
      "mode": "managed",
      "type": "aws_subnet",
      "name": "main-public-1",
      "provider": "provider.aws",
      "instances": [
        {
          "schema_version": 1,
          "attributes": {
            "arn": "arn:aws:ec2:us-east-2:835863194824:subnet/subnet-00964673de3926518",
            "assign_ipv6_address_on_creation": false,
            "availability_zone": "us-east-2a",
            "availability_zone_id": "use2-az1",
            "cidr_block": "10.0.1.0/24",
            "id": "subnet-00964673de3926518",
            "ipv6_cidr_block": "",
            "ipv6_cidr_block_association_id": "",
            "map_public_ip_on_launch": true,
            "owner_id": "835863194824",
            "tags": {
              "Name": "main-public-1"
            },
            "timeouts": null,
            "vpc_id": "vpc-0c6190e700018454d"
          },
          "private": "eyJlMmJmYjczMC1lY2FhLTExZTYtOGY4OC0zNDM2M2JjN2M0YzAiOnsiY3JlYXRlIjo2MDAwMDAwMDAwMDAsImRlbGV0ZSI6MTIwMDAwMDAwMDAwMH0sInNjaGVtYV92ZXJzaW9uIjoiMSJ9",
          "dependencies": [
            "aws_vpc.main"
          ]
        }
      ]
    },
    {
      "mode": "managed",
      "type": "aws_volume_attachment",
      "name": "ebs-volume-1-attachment",
      "provider": "provider.aws",
      "instances": [
        {
          "schema_version": 0,
          "attributes": {
            "device_name": "/dev/xvdh",
            "force_detach": null,
            "id": "vai-2027846808",
            "instance_id": "i-0b68aa0ac7ee66cd8",
            "skip_destroy": null,
            "volume_id": "vol-04136f1788c2bf4f9"
          }
        }
      ]
    },
    {
      "mode": "managed",
      "type": "aws_vpc",
      "name": "main",
      "provider": "provider.aws",
      "instances": [
        {
          "schema_version": 1,
          "attributes": {
            "arn": "arn:aws:ec2:us-east-2:835863194824:vpc/vpc-0c6190e700018454d",
            "assign_generated_ipv6_cidr_block": false,
            "cidr_block": "10.0.0.0/16",
            "default_network_acl_id": "acl-0d6ccccc68e070024",
            "default_route_table_id": "rtb-02c41b9f6e69f2e75",
            "default_security_group_id": "sg-060264974eec27f09",
            "dhcp_options_id": "dopt-023bc869",
            "enable_classiclink": false,
            "enable_classiclink_dns_support": null,
            "enable_dns_hostnames": true,
            "enable_dns_support": true,
            "id": "vpc-0c6190e700018454d",
            "instance_tenancy": "default",
            "ipv6_association_id": "",
            "ipv6_cidr_block": "",
            "main_route_table_id": "rtb-02c41b9f6e69f2e75",
            "owner_id": "835863194824",
            "tags": {
              "Name": "main"
            }
          },
          "private": "eyJzY2hlbWFfdmVyc2lvbiI6IjEifQ=="
        }
      ]
    }
  ]
}
